
Microsoft Visual Studio Solution File, Format Version 12.00
# Visual Studio Version 16
VisualStudioVersion = 16.0.31729.503
MinimumVisualStudioVersion = 10.0.40219.1
Project("{FAE04EC0-301F-11D3-BF4B-00C04F79EFBC}") = "HeadFirstEx1", "HeadFirstEx1\HeadFirstEx1.csproj", "{AFB689E9-B7F2-427E-8C6E-17F559C4602E}"
EndProject
Global
	GlobalSection(SolutionConfigurationPlatforms) = preSolution
		Debug|Any CPU = Debug|Any CPU
		Release|Any CPU = Release|Any CPU
	EndGlobalSection
	GlobalSection(ProjectConfigurationPlatforms) = postSolution
		{AFB689E9-B7F2-427E-8C6E-17F559C4602E}.Debug|Any CPU.ActiveCfg = Debug|Any CPU
		{AFB689E9-B7F2-427E-8C6E-17F559C4602E}.Debug|Any CPU.Build.0 = Debug|Any CPU
		{AFB689E9-B7F2-427E-8C6E-17F559C4602E}.Release|Any CPU.ActiveCfg = Release|Any CPU
		{AFB689E9-B7F2-427E-8C6E-17F559C4602E}.Release|Any CPU.Build.0 = Release|Any CPU
	EndGlobalSection
	GlobalSection(SolutionProperties) = preSolution
		HideSolutionNode = FALSE
	EndGlobalSection
	GlobalSection(ExtensibilityGlobals) = postSolution
		SolutionGuid = {C83E2A5A-E5AC-4B24-9DC9-F58B119F247B}
	EndGlobalSection
EndGlobal
